# This file was generated by Aiken
# You typically do not need to edit this file

[[requirements]]
name = "aiken-lang/stdlib"
version = "ab0dd7205b1282d62a6c9722914f5a3824842ff6"
source = "github"

[[packages]]
name = "aiken-lang/stdlib"
version = "ab0dd7205b1282d62a6c9722914f5a3824842ff6"
requirements = []
source = "github"

[etags]
